
Microsoft Visual Studio Solution File, Format Version 12.00
# Visual Studio Version 16
VisualStudioVersion = 16.0.31313.79
MinimumVisualStudioVersion = 10.0.40219.1
Project("{FAE04EC0-301F-11D3-BF4B-00C04F79EFBC}") = "shopProject", "shopProject\shopProject.csproj", "{BC8D2C9C-C7BB-4978-AE16-36901B7111EC}"
EndProject
Global
	GlobalSection(SolutionConfigurationPlatforms) = preSolution
		Debug|Any CPU = Debug|Any CPU
		Release|Any CPU = Release|Any CPU
	EndGlobalSection
	GlobalSection(ProjectConfigurationPlatforms) = postSolution
		{BC8D2C9C-C7BB-4978-AE16-36901B7111EC}.Debug|Any CPU.ActiveCfg = Debug|Any CPU
		{BC8D2C9C-C7BB-4978-AE16-36901B7111EC}.Debug|Any CPU.Build.0 = Debug|Any CPU
		{BC8D2C9C-C7BB-4978-AE16-36901B7111EC}.Release|Any CPU.ActiveCfg = Release|Any CPU
		{BC8D2C9C-C7BB-4978-AE16-36901B7111EC}.Release|Any CPU.Build.0 = Release|Any CPU
	EndGlobalSection
	GlobalSection(SolutionProperties) = preSolution
		HideSolutionNode = FALSE
	EndGlobalSection
	GlobalSection(ExtensibilityGlobals) = postSolution
		SolutionGuid = {216C4517-791E-4ADC-806A-7E37008FD777}
	EndGlobalSection
EndGlobal
